
Microsoft Visual Studio Solution File, Format Version 12.00
# Visual Studio Version 17
VisualStudioVersion = 17.7.34024.191
MinimumVisualStudioVersion = 10.0.40219.1
Project("{FAE04EC0-301F-11D3-BF4B-00C04F79EFBC}") = "PersonTask", "PersonTask\PersonTask.csproj", "{ADE78B42-CEE9-4E6A-A6A2-B2C593FAF21A}"
EndProject
Global
	GlobalSection(SolutionConfigurationPlatforms) = preSolution
		Debug|Any CPU = Debug|Any CPU
		Release|Any CPU = Release|Any CPU
	EndGlobalSection
	GlobalSection(ProjectConfigurationPlatforms) = postSolution
		{ADE78B42-CEE9-4E6A-A6A2-B2C593FAF21A}.Debug|Any CPU.ActiveCfg = Debug|Any CPU
		{ADE78B42-CEE9-4E6A-A6A2-B2C593FAF21A}.Debug|Any CPU.Build.0 = Debug|Any CPU
		{ADE78B42-CEE9-4E6A-A6A2-B2C593FAF21A}.Release|Any CPU.ActiveCfg = Release|Any CPU
		{ADE78B42-CEE9-4E6A-A6A2-B2C593FAF21A}.Release|Any CPU.Build.0 = Release|Any CPU
	EndGlobalSection
	GlobalSection(SolutionProperties) = preSolution
		HideSolutionNode = FALSE
	EndGlobalSection
	GlobalSection(ExtensibilityGlobals) = postSolution
		SolutionGuid = {62C1BF29-6496-456B-9284-8A7E289C414E}
	EndGlobalSection
EndGlobal
