
Microsoft Visual Studio Solution File, Format Version 12.00
# Visual Studio Version 17
VisualStudioVersion = 17.8.34309.116
MinimumVisualStudioVersion = 10.0.40219.1
Project("{9A19103F-16F7-4668-BE54-9A1E7A4F7556}") = "BankAccount", "BankAccount\BankAccount.csproj", "{7F88B042-5FAB-48F7-97BB-FCEDF9F109BF}"
EndProject
Project("{FAE04EC0-301F-11D3-BF4B-00C04F79EFBC}") = "BankAccount.Tests", "BankAccount.Tests\BankAccount.Tests.csproj", "{13777E99-0E2A-42CE-A9C8-3A5C5BB208AF}"
EndProject
Global
	GlobalSection(SolutionConfigurationPlatforms) = preSolution
		Debug|Any CPU = Debug|Any CPU
		Release|Any CPU = Release|Any CPU
	EndGlobalSection
	GlobalSection(ProjectConfigurationPlatforms) = postSolution
		{7F88B042-5FAB-48F7-97BB-FCEDF9F109BF}.Debug|Any CPU.ActiveCfg = Debug|Any CPU
		{7F88B042-5FAB-48F7-97BB-FCEDF9F109BF}.Debug|Any CPU.Build.0 = Debug|Any CPU
		{7F88B042-5FAB-48F7-97BB-FCEDF9F109BF}.Release|Any CPU.ActiveCfg = Release|Any CPU
		{7F88B042-5FAB-48F7-97BB-FCEDF9F109BF}.Release|Any CPU.Build.0 = Release|Any CPU
		{13777E99-0E2A-42CE-A9C8-3A5C5BB208AF}.Debug|Any CPU.ActiveCfg = Debug|Any CPU
		{13777E99-0E2A-42CE-A9C8-3A5C5BB208AF}.Debug|Any CPU.Build.0 = Debug|Any CPU
		{13777E99-0E2A-42CE-A9C8-3A5C5BB208AF}.Release|Any CPU.ActiveCfg = Release|Any CPU
		{13777E99-0E2A-42CE-A9C8-3A5C5BB208AF}.Release|Any CPU.Build.0 = Release|Any CPU
	EndGlobalSection
	GlobalSection(SolutionProperties) = preSolution
		HideSolutionNode = FALSE
	EndGlobalSection
	GlobalSection(ExtensibilityGlobals) = postSolution
		SolutionGuid = {30A63134-6011-419E-9454-C3003131B533}
	EndGlobalSection
EndGlobal
