
Microsoft Visual Studio Solution File, Format Version 12.00
# Visual Studio Version 17
VisualStudioVersion = 17.5.33424.131
MinimumVisualStudioVersion = 10.0.40219.1
Project("{FAE04EC0-301F-11D3-BF4B-00C04F79EFBC}") = "Task26", "Task26\Task26.csproj", "{7D3CB4F5-643C-4F8A-899A-E250208AE89D}"
EndProject
Global
	GlobalSection(SolutionConfigurationPlatforms) = preSolution
		Debug|Any CPU = Debug|Any CPU
		Release|Any CPU = Release|Any CPU
	EndGlobalSection
	GlobalSection(ProjectConfigurationPlatforms) = postSolution
		{7D3CB4F5-643C-4F8A-899A-E250208AE89D}.Debug|Any CPU.ActiveCfg = Debug|Any CPU
		{7D3CB4F5-643C-4F8A-899A-E250208AE89D}.Debug|Any CPU.Build.0 = Debug|Any CPU
		{7D3CB4F5-643C-4F8A-899A-E250208AE89D}.Release|Any CPU.ActiveCfg = Release|Any CPU
		{7D3CB4F5-643C-4F8A-899A-E250208AE89D}.Release|Any CPU.Build.0 = Release|Any CPU
	EndGlobalSection
	GlobalSection(SolutionProperties) = preSolution
		HideSolutionNode = FALSE
	EndGlobalSection
	GlobalSection(ExtensibilityGlobals) = postSolution
		SolutionGuid = {4035393B-A251-4F24-AF2A-05901755A684}
	EndGlobalSection
EndGlobal
