
Microsoft Visual Studio Solution File, Format Version 12.00
# Visual Studio Version 17
VisualStudioVersion = 17.8.34309.116
MinimumVisualStudioVersion = 10.0.40219.1
Project("{FAE04EC0-301F-11D3-BF4B-00C04F79EFBC}") = "4WayMovement", "4WayMovement\4WayMovement.csproj", "{8E9B37AF-8062-447A-899C-A309D914A545}"
EndProject
Global
	GlobalSection(SolutionConfigurationPlatforms) = preSolution
		Debug|Any CPU = Debug|Any CPU
		Release|Any CPU = Release|Any CPU
	EndGlobalSection
	GlobalSection(ProjectConfigurationPlatforms) = postSolution
		{8E9B37AF-8062-447A-899C-A309D914A545}.Debug|Any CPU.ActiveCfg = Debug|Any CPU
		{8E9B37AF-8062-447A-899C-A309D914A545}.Debug|Any CPU.Build.0 = Debug|Any CPU
		{8E9B37AF-8062-447A-899C-A309D914A545}.Release|Any CPU.ActiveCfg = Release|Any CPU
		{8E9B37AF-8062-447A-899C-A309D914A545}.Release|Any CPU.Build.0 = Release|Any CPU
	EndGlobalSection
	GlobalSection(SolutionProperties) = preSolution
		HideSolutionNode = FALSE
	EndGlobalSection
	GlobalSection(ExtensibilityGlobals) = postSolution
		SolutionGuid = {24CFCC03-B1F2-411A-B68D-7F97B65FB8CB}
	EndGlobalSection
EndGlobal
