
Microsoft Visual Studio Solution File, Format Version 12.00
# Visual Studio Version 17
VisualStudioVersion = 17.5.33424.131
MinimumVisualStudioVersion = 10.0.40219.1
Project("{FAE04EC0-301F-11D3-BF4B-00C04F79EFBC}") = "TeamTask", "TeamTask\TeamTask.csproj", "{F05A6415-F1FA-4B7C-9714-C8515C610D55}"
EndProject
Global
	GlobalSection(SolutionConfigurationPlatforms) = preSolution
		Debug|Any CPU = Debug|Any CPU
		Release|Any CPU = Release|Any CPU
	EndGlobalSection
	GlobalSection(ProjectConfigurationPlatforms) = postSolution
		{F05A6415-F1FA-4B7C-9714-C8515C610D55}.Debug|Any CPU.ActiveCfg = Debug|Any CPU
		{F05A6415-F1FA-4B7C-9714-C8515C610D55}.Debug|Any CPU.Build.0 = Debug|Any CPU
		{F05A6415-F1FA-4B7C-9714-C8515C610D55}.Release|Any CPU.ActiveCfg = Release|Any CPU
		{F05A6415-F1FA-4B7C-9714-C8515C610D55}.Release|Any CPU.Build.0 = Release|Any CPU
	EndGlobalSection
	GlobalSection(SolutionProperties) = preSolution
		HideSolutionNode = FALSE
	EndGlobalSection
	GlobalSection(ExtensibilityGlobals) = postSolution
		SolutionGuid = {700768F2-28E4-4573-8320-B59EF6BAA1F2}
	EndGlobalSection
EndGlobal
