
Microsoft Visual Studio Solution File, Format Version 12.00
# Visual Studio Version 16
VisualStudioVersion = 16.0.32602.291
MinimumVisualStudioVersion = 10.0.40219.1
Project("{FAE04EC0-301F-11D3-BF4B-00C04F79EFBC}") = "Task15", "Task15\Task15.csproj", "{10FAF016-1B66-4AA6-9445-73E986FD2B87}"
EndProject
Global
	GlobalSection(SolutionConfigurationPlatforms) = preSolution
		Debug|Any CPU = Debug|Any CPU
		Release|Any CPU = Release|Any CPU
	EndGlobalSection
	GlobalSection(ProjectConfigurationPlatforms) = postSolution
		{10FAF016-1B66-4AA6-9445-73E986FD2B87}.Debug|Any CPU.ActiveCfg = Debug|Any CPU
		{10FAF016-1B66-4AA6-9445-73E986FD2B87}.Debug|Any CPU.Build.0 = Debug|Any CPU
		{10FAF016-1B66-4AA6-9445-73E986FD2B87}.Release|Any CPU.ActiveCfg = Release|Any CPU
		{10FAF016-1B66-4AA6-9445-73E986FD2B87}.Release|Any CPU.Build.0 = Release|Any CPU
	EndGlobalSection
	GlobalSection(SolutionProperties) = preSolution
		HideSolutionNode = FALSE
	EndGlobalSection
	GlobalSection(ExtensibilityGlobals) = postSolution
		SolutionGuid = {9E26311E-B16E-44FF-AC84-8E8AF5C0EBAD}
	EndGlobalSection
EndGlobal
