
Microsoft Visual Studio Solution File, Format Version 12.00
# Visual Studio Version 17
VisualStudioVersion = 17.7.34024.191
MinimumVisualStudioVersion = 10.0.40219.1
Project("{FAE04EC0-301F-11D3-BF4B-00C04F79EFBC}") = "Hotel", "Hotel\Hotel.csproj", "{58F21D71-055D-4083-B7BC-B6FAC5E29302}"
EndProject
Global
	GlobalSection(SolutionConfigurationPlatforms) = preSolution
		Debug|Any CPU = Debug|Any CPU
		Release|Any CPU = Release|Any CPU
	EndGlobalSection
	GlobalSection(ProjectConfigurationPlatforms) = postSolution
		{58F21D71-055D-4083-B7BC-B6FAC5E29302}.Debug|Any CPU.ActiveCfg = Debug|Any CPU
		{58F21D71-055D-4083-B7BC-B6FAC5E29302}.Debug|Any CPU.Build.0 = Debug|Any CPU
		{58F21D71-055D-4083-B7BC-B6FAC5E29302}.Release|Any CPU.ActiveCfg = Release|Any CPU
		{58F21D71-055D-4083-B7BC-B6FAC5E29302}.Release|Any CPU.Build.0 = Release|Any CPU
	EndGlobalSection
	GlobalSection(SolutionProperties) = preSolution
		HideSolutionNode = FALSE
	EndGlobalSection
	GlobalSection(ExtensibilityGlobals) = postSolution
		SolutionGuid = {3B623312-465F-4A96-9294-A347F8155006}
	EndGlobalSection
EndGlobal
