
Microsoft Visual Studio Solution File, Format Version 12.00
# Visual Studio Version 17
VisualStudioVersion = 17.8.34309.116
MinimumVisualStudioVersion = 10.0.40219.1
Project("{FAE04EC0-301F-11D3-BF4B-00C04F79EFBC}") = "MilitaryElite", "MilitaryElite\MilitaryElite.csproj", "{16B65E7D-C087-4CCA-92FC-2947BB4F6593}"
EndProject
Global
	GlobalSection(SolutionConfigurationPlatforms) = preSolution
		Debug|Any CPU = Debug|Any CPU
		Release|Any CPU = Release|Any CPU
	EndGlobalSection
	GlobalSection(ProjectConfigurationPlatforms) = postSolution
		{16B65E7D-C087-4CCA-92FC-2947BB4F6593}.Debug|Any CPU.ActiveCfg = Debug|Any CPU
		{16B65E7D-C087-4CCA-92FC-2947BB4F6593}.Debug|Any CPU.Build.0 = Debug|Any CPU
		{16B65E7D-C087-4CCA-92FC-2947BB4F6593}.Release|Any CPU.ActiveCfg = Release|Any CPU
		{16B65E7D-C087-4CCA-92FC-2947BB4F6593}.Release|Any CPU.Build.0 = Release|Any CPU
	EndGlobalSection
	GlobalSection(SolutionProperties) = preSolution
		HideSolutionNode = FALSE
	EndGlobalSection
	GlobalSection(ExtensibilityGlobals) = postSolution
		SolutionGuid = {E2182BA9-CD98-4262-A7A6-14DF26E164EA}
	EndGlobalSection
EndGlobal
